// !$*UTF8*$!
{
	archiveVersion = 1;
	classes = {
	};
	objectVersion = 50;
	objects = {

/* Begin PBXBuildFile section */
		50163ABC24A34B1C006C9708 /* AppDelegate.swift in Sources */ = {isa = PBXBuildFile; fileRef = 50163ABB24A34B1C006C9708 /* AppDelegate.swift */; };
		50163ABE24A34B1C006C9708 /* SceneDelegate.swift in Sources */ = {isa = PBXBuildFile; fileRef = 50163ABD24A34B1C006C9708 /* SceneDelegate.swift */; };
		50163AC024A34B1C006C9708 /* ViewController.swift in Sources */ = {isa = PBXBuildFile; fileRef = 50163ABF24A34B1C006C9708 /* ViewController.swift */; };
		50163AC324A34B1C006C9708 /* Main.storyboard in Resources */ = {isa = PBXBuildFile; fileRef = 50163AC124A34B1C006C9708 /* Main.storyboard */; };
		50163AC524A34B1D006C9708 /* Assets.xcassets in Resources */ = {isa = PBXBuildFile; fileRef = 50163AC424A34B1D006C9708 /* Assets.xcassets */; };
		50163AC824A34B1D006C9708 /* LaunchScreen.storyboard in Resources */ = {isa = PBXBuildFile; fileRef = 50163AC624A34B1D006C9708 /* LaunchScreen.storyboard */; };
		50163AD324A34B1D006C9708 /* VisionPoseTests.swift in Sources */ = {isa = PBXBuildFile; fileRef = 50163AD224A34B1D006C9708 /* VisionPoseTests.swift */; };
		50163ADE24A34B1D006C9708 /* VisionPoseUITests.swift in Sources */ = {isa = PBXBuildFile; fileRef = 50163ADD24A34B1D006C9708 /* VisionPoseUITests.swift */; };
/* End PBXBuildFile section */

/* Begin PBXContainerItemProxy section */
		50163ACF24A34B1D006C9708 /* PBXContainerItemProxy */ = {
			isa = PBXContainerItemProxy;
			containerPortal = 50163AB024A34B1C006C9708 /* Project object */;
			proxyType = 1;
			remoteGlobalIDString = 50163AB724A34B1C006C9708;
			remoteInfo = VisionPose;
		};
		50163ADA24A34B1D006C9708 /* PBXContainerItemProxy */ = {
			isa = PBXContainerItemProxy;
			containerPortal = 50163AB024A34B1C006C9708 /* Project object */;
			proxyType = 1;
			remoteGlobalIDString = 50163AB724A34B1C006C9708;
			remoteInfo = VisionPose;
		};
/* End PBXContainerItemProxy section */

/* Begin PBXFileReference section */
		50163AB824A34B1C006C9708 /* VisionPose.app */ = {isa = PBXFileReference; explicitFileType = wrapper.application; includeInIndex = 0; path = VisionPose.app; sourceTree = BUILT_PRODUCTS_DIR; };
		50163ABB24A34B1C006C9708 /* AppDelegate.swift */ = {isa = PBXFileReference; lastKnownFileType = sourcecode.swift; path = AppDelegate.swift; sourceTree = "<group>"; };
		50163ABD24A34B1C006C9708 /* SceneDelegate.swift */ = {isa = PBXFileReference; lastKnownFileType = sourcecode.swift; path = SceneDelegate.swift; sourceTree = "<group>"; };
		50163ABF24A34B1C006C9708 /* ViewController.swift */ = {isa = PBXFileReference; lastKnownFileType = sourcecode.swift; path = ViewController.swift; sourceTree = "<group>"; };
		50163AC224A34B1C006C9708 /* Base */ = {isa = PBXFileReference; lastKnownFileType = file.storyboard; name = Base; path = Base.lproj/Main.storyboard; sourceTree = "<group>"; };
		50163AC424A34B1D006C9708 /* Assets.xcassets */ = {isa = PBXFileReference; lastKnownFileType = folder.assetcatalog; path = Assets.xcassets; sourceTree = "<group>"; };
		50163AC724A34B1D006C9708 /* Base */ = {isa = PBXFileReference; lastKnownFileType = file.storyboard; name = Base; path = Base.lproj/LaunchScreen.storyboard; sourceTree = "<group>"; };
		50163AC924A34B1D006C9708 /* Info.plist */ = {isa = PBXFileReference; lastKnownFileType = text.plist.xml; path = Info.plist; sourceTree = "<group>"; };
		50163ACE24A34B1D006C9708 /* VisionPoseTests.xctest */ = {isa = PBXFileReference; explicitFileType = wrapper.cfbundle; includeInIndex = 0; path = VisionPoseTests.xctest; sourceTree = BUILT_PRODUCTS_DIR; };
		50163AD224A34B1D006C9708 /* VisionPoseTests.swift */ = {isa = PBXFileReference; lastKnownFileType = sourcecode.swift; path = VisionPoseTests.swift; sourceTree = "<group>"; };
		50163AD424A34B1D006C9708 /* Info.plist */ = {isa = PBXFileReference; lastKnownFileType = text.plist.xml; path = Info.plist; sourceTree = "<group>"; };
		50163AD924A34B1D006C9708 /* VisionPoseUITests.xctest */ = {isa = PBXFileReference; explicitFileType = wrapper.cfbundle; includeInIndex = 0; path = VisionPoseUITests.xctest; sourceTree = BUILT_PRODUCTS_DIR; };
		50163ADD24A34B1D006C9708 /* VisionPoseUITests.swift */ = {isa = PBXFileReference; lastKnownFileType = sourcecode.swift; path = VisionPoseUITests.swift; sourceTree = "<group>"; };
		50163ADF24A34B1D006C9708 /* Info.plist */ = {isa = PBXFileReference; lastKnownFileType = text.plist.xml; path = Info.plist; sourceTree = "<group>"; };
/* End PBXFileReference section */

/* Begin PBXFrameworksBuildPhase section */
		50163AB524A34B1C006C9708 /* Frameworks */ = {
			isa = PBXFrameworksBuildPhase;
			buildActionMask = 2147483647;
			files = (
			);
			runOnlyForDeploymentPostprocessing = 0;
		};
		50163ACB24A34B1D006C9708 /* Frameworks */ = {
			isa = PBXFrameworksBuildPhase;
			buildActionMask = 2147483647;
			files = (
			);
			runOnlyForDeploymentPostprocessing = 0;
		};
		50163AD624A34B1D006C9708 /* Frameworks */ = {
			isa = PBXFrameworksBuildPhase;
			buildActionMask = 2147483647;
			files = (
			);
			runOnlyForDeploymentPostprocessing = 0;
		};
/* End PBXFrameworksBuildPhase section */

/* Begin PBXGroup section */
		50163AAF24A34B1C006C9708 = {
			isa = PBXGroup;
			children = (
				50163ABA24A34B1C006C9708 /* VisionPose */,
				50163AD124A34B1D006C9708 /* VisionPoseTests */,
				50163ADC24A34B1D006C9708 /* VisionPoseUITests */,
				50163AB924A34B1C006C9708 /* Products */,
			);
			sourceTree = "<group>";
		};
		50163AB924A34B1C006C9708 /* Products */ = {
			isa = PBXGroup;
			children = (
				50163AB824A34B1C006C9708 /* VisionPose.app */,
				50163ACE24A34B1D006C9708 /* VisionPoseTests.xctest */,
				50163AD924A34B1D006C9708 /* VisionPoseUITests.xctest */,
			);
			name = Products;
			sourceTree = "<group>";
		};
		50163ABA24A34B1C006C9708 /* VisionPose */ = {
			isa = PBXGroup;
			children = (
				50163ABB24A34B1C006C9708 /* AppDelegate.swift */,
				50163ABD24A34B1C006C9708 /* SceneDelegate.swift */,
				50163ABF24A34B1C006C9708 /* ViewController.swift */,
				50163AC124A34B1C006C9708 /* Main.storyboard */,
				50163AC424A34B1D006C9708 /* Assets.xcassets */,
				50163AC624A34B1D006C9708 /* LaunchScreen.storyboard */,
				50163AC924A34B1D006C9708 /* Info.plist */,
			);
			path = VisionPose;
			sourceTree = "<group>";
		};
		50163AD124A34B1D006C9708 /* VisionPoseTests */ = {
			isa = PBXGroup;
			children = (
				50163AD224A34B1D006C9708 /* VisionPoseTests.swift */,
				50163AD424A34B1D006C9708 /* Info.plist */,
			);
			path = VisionPoseTests;
			sourceTree = "<group>";
		};
		50163ADC24A34B1D006C9708 /* VisionPoseUITests */ = {
			isa = PBXGroup;
			children = (
				50163ADD24A34B1D006C9708 /* VisionPoseUITests.swift */,
				50163ADF24A34B1D006C9708 /* Info.plist */,
			);
			path = VisionPoseUITests;
			sourceTree = "<group>";
		};
/* End PBXGroup section */

/* Begin PBXNativeTarget section */
		50163AB724A34B1C006C9708 /* VisionPose */ = {
			isa = PBXNativeTarget;
			buildConfigurationList = 50163AE224A34B1D006C9708 /* Build configuration list for PBXNativeTarget "VisionPose" */;
			buildPhases = (
				50163AB424A34B1C006C9708 /* Sources */,
				50163AB524A34B1C006C9708 /* Frameworks */,
				50163AB624A34B1C006C9708 /* Resources */,
			);
			buildRules = (
			);
			dependencies = (
			);
			name = VisionPose;
			productName = VisionPose;
			productReference = 50163AB824A34B1C006C9708 /* VisionPose.app */;
			productType = "com.apple.product-type.application";
		};
		50163ACD24A34B1D006C9708 /* VisionPoseTests */ = {
			isa = PBXNativeTarget;
			buildConfigurationList = 50163AE524A34B1D006C9708 /* Build configuration list for PBXNativeTarget "VisionPoseTests" */;
			buildPhases = (
				50163ACA24A34B1D006C9708 /* Sources */,
				50163ACB24A34B1D006C9708 /* Frameworks */,
				50163ACC24A34B1D006C9708 /* Resources */,
			);
			buildRules = (
			);
			dependencies = (
				50163AD024A34B1D006C9708 /* PBXTargetDependency */,
			);
			name = VisionPoseTests;
			productName = VisionPoseTests;
			productReference = 50163ACE24A34B1D006C9708 /* VisionPoseTests.xctest */;
			productType = "com.apple.product-type.bundle.unit-test";
		};
		50163AD824A34B1D006C9708 /* VisionPoseUITests */ = {
			isa = PBXNativeTarget;
			buildConfigurationList = 50163AE824A34B1D006C9708 /* Build configuration list for PBXNativeTarget "VisionPoseUITests" */;
			buildPhases = (
				50163AD524A34B1D006C9708 /* Sources */,
				50163AD624A34B1D006C9708 /* Frameworks */,
				50163AD724A34B1D006C9708 /* Resources */,
			);
			buildRules = (
			);
			dependencies = (
				50163ADB24A34B1D006C9708 /* PBXTargetDependency */,
			);
			name = VisionPoseUITests;
			productName = VisionPoseUITests;
			productReference = 50163AD924A34B1D006C9708 /* VisionPoseUITests.xctest */;
			productType = "com.apple.product-type.bundle.ui-testing";
		};
/* End PBXNativeTarget section */

/* Begin PBXProject section */
		50163AB024A34B1C006C9708 /* Project object */ = {
			isa = PBXProject;
			attributes = {
				LastSwiftUpdateCheck = 1200;
				LastUpgradeCheck = 1200;
				TargetAttributes = {
					50163AB724A34B1C006C9708 = {
						CreatedOnToolsVersion = 12.0;
					};
					50163ACD24A34B1D006C9708 = {
						CreatedOnToolsVersion = 12.0;
						TestTargetID = 50163AB724A34B1C006C9708;
					};
					50163AD824A34B1D006C9708 = {
						CreatedOnToolsVersion = 12.0;
						TestTargetID = 50163AB724A34B1C006C9708;
					};
				};
			};
			buildConfigurationList = 50163AB324A34B1C006C9708 /* Build configuration list for PBXProject "VisionPose" */;
			compatibilityVersion = "Xcode 9.3";
			developmentRegion = en;
			hasScannedForEncodings = 0;
			knownRegions = (
				en,
				Base,
			);
			mainGroup = 50163AAF24A34B1C006C9708;
			productRefGroup = 50163AB924A34B1C006C9708 /* Products */;
			projectDirPath = "";
			projectRoot = "";
			targets = (
				50163AB724A34B1C006C9708 /* VisionPose */,
				50163ACD24A34B1D006C9708 /* VisionPoseTests */,
				50163AD824A34B1D006C9708 /* VisionPoseUITests */,
			);
		};
/* End PBXProject section */

/* Begin PBXResourcesBuildPhase section */
		50163AB624A34B1C006C9708 /* Resources */ = {
			isa = PBXResourcesBuildPhase;
			buildActionMask = 2147483647;
			files = (
				50163AC824A34B1D006C9708 /* LaunchScreen.storyboard in Resources */,
				50163AC524A34B1D006C9708 /* Assets.xcassets in Resources */,
				50163AC324A34B1C006C9708 /* Main.storyboard in Resources */,
			);
			runOnlyForDeploymentPostprocessing = 0;
		};
		50163ACC24A34B1D006C9708 /* Resources */ = {
			isa = PBXResourcesBuildPhase;
			buildActionMask = 2147483647;
			files = (
			);
			runOnlyForDeploymentPostprocessing = 0;
		};
		50163AD724A34B1D006C9708 /* Resources */ = {
			isa = PBXResourcesBuildPhase;
			buildActionMask = 2147483647;
			files = (
			);
			runOnlyForDeploymentPostprocessing = 0;
		};
/* End PBXResourcesBuildPhase section */

/* Begin PBXSourcesBuildPhase section */
		50163AB424A34B1C006C9708 /* Sources */ = {
			isa = PBXSourcesBuildPhase;
			buildActionMask = 2147483647;
			files = (
				50163AC024A34B1C006C9708 /* ViewController.swift in Sources */,
				50163ABC24A34B1C006C9708 /* AppDelegate.swift in Sources */,
				50163ABE24A34B1C006C9708 /* SceneDelegate.swift in Sources */,
			);
			runOnlyForDeploymentPostprocessing = 0;
		};
		50163ACA24A34B1D006C9708 /* Sources */ = {
			isa = PBXSourcesBuildPhase;
			buildActionMask = 2147483647;
			files = (
				50163AD324A34B1D006C9708 /* VisionPoseTests.swift in Sources */,
			);
			runOnlyForDeploymentPostprocessing = 0;
		};
		50163AD524A34B1D006C9708 /* Sources */ = {
			isa = PBXSourcesBuildPhase;
			buildActionMask = 2147483647;
			files = (
				50163ADE24A34B1D006C9708 /* VisionPoseUITests.swift in Sources */,
			);
			runOnlyForDeploymentPostprocessing = 0;
		};
/* End PBXSourcesBuildPhase section */

/* Begin PBXTargetDependency section */
		50163AD024A34B1D006C9708 /* PBXTargetDependency */ = {
			isa = PBXTargetDependency;
			target = 50163AB724A34B1C006C9708 /* VisionPose */;
			targetProxy = 50163ACF24A34B1D006C9708 /* PBXContainerItemProxy */;
		};
		50163ADB24A34B1D006C9708 /* PBXTargetDependency */ = {
			isa = PBXTargetDependency;
			target = 50163AB724A34B1C006C9708 /* VisionPose */;
			targetProxy = 50163ADA24A34B1D006C9708 /* PBXContainerItemProxy */;
		};
/* End PBXTargetDependency section */

/* Begin PBXVariantGroup section */
		50163AC124A34B1C006C9708 /* Main.storyboard */ = {
			isa = PBXVariantGroup;
			children = (
				50163AC224A34B1C006C9708 /* Base */,
			);
			name = Main.storyboard;
			sourceTree = "<group>";
		};
		50163AC624A34B1D006C9708 /* LaunchScreen.storyboard */ = {
			isa = PBXVariantGroup;
			children = (
				50163AC724A34B1D006C9708 /* Base */,
			);
			name = LaunchScreen.storyboard;
			sourceTree = "<group>";
		};
/* End PBXVariantGroup section */

/* Begin XCBuildConfiguration section */
		50163AE024A34B1D006C9708 /* Debug */ = {
			isa = XCBuildConfiguration;
			buildSettings = {
				ALWAYS_SEARCH_USER_PATHS = NO;
				CLANG_ANALYZER_NONNULL = YES;
				CLANG_ANALYZER_NUMBER_OBJECT_CONVERSION = YES_AGGRESSIVE;
				CLANG_CXX_LANGUAGE_STANDARD = "gnu++14";
				CLANG_CXX_LIBRARY = "libc++";
				CLANG_ENABLE_MODULES = YES;
				CLANG_ENABLE_OBJC_ARC = YES;
				CLANG_ENABLE_OBJC_WEAK = YES;
				CLANG_WARN_BLOCK_CAPTURE_AUTORELEASING = YES;
				CLANG_WARN_BOOL_CONVERSION = YES;
				CLANG_WARN_COMMA = YES;
				CLANG_WARN_CONSTANT_CONVERSION = YES;
				CLANG_WARN_DEPRECATED_OBJC_IMPLEMENTATIONS = YES;
				CLANG_WARN_DIRECT_OBJC_ISA_USAGE = YES_ERROR;
				CLANG_WARN_DOCUMENTATION_COMMENTS = YES;
				CLANG_WARN_EMPTY_BODY = YES;
				CLANG_WARN_ENUM_CONVERSION = YES;
				CLANG_WARN_INFINITE_RECURSION = YES;
				CLANG_WARN_INT_CONVERSION = YES;
				CLANG_WARN_NON_LITERAL_NULL_CONVERSION = YES;
				CLANG_WARN_OBJC_IMPLICIT_RETAIN_SELF = YES;
				CLANG_WARN_OBJC_LITERAL_CONVERSION = YES;
				CLANG_WARN_OBJC_ROOT_CLASS = YES_ERROR;
				CLANG_WARN_QUOTED_INCLUDE_IN_FRAMEWORK_HEADER = YES;
				CLANG_WARN_RANGE_LOOP_ANALYSIS = YES;
				CLANG_WARN_STRICT_PROTOTYPES = YES;
				CLANG_WARN_SUSPICIOUS_MOVE = YES;
				CLANG_WARN_UNGUARDED_AVAILABILITY = YES_AGGRESSIVE;
				CLANG_WARN_UNREACHABLE_CODE = YES;
				CLANG_WARN__DUPLICATE_METHOD_MATCH = YES;
				COPY_PHASE_STRIP = NO;
				DEBUG_INFORMATION_FORMAT = dwarf;
				ENABLE_STRICT_OBJC_MSGSEND = YES;
				ENABLE_TESTABILITY = YES;
				GCC_C_LANGUAGE_STANDARD = gnu11;
				GCC_DYNAMIC_NO_PIC = NO;
				GCC_NO_COMMON_BLOCKS = YES;
				GCC_OPTIMIZATION_LEVEL = 0;
				GCC_PREPROCESSOR_DEFINITIONS = (
					"DEBUG=1",
					"$(inherited)",
				);
				GCC_WARN_64_TO_32_BIT_CONVERSION = YES;
				GCC_WARN_ABOUT_RETURN_TYPE = YES_ERROR;
				GCC_WARN_UNDECLARED_SELECTOR = YES;
				GCC_WARN_UNINITIALIZED_AUTOS = YES_AGGRESSIVE;
				GCC_WARN_UNUSED_FUNCTION = YES;
				GCC_WARN_UNUSED_VARIABLE = YES;
				IPHONEOS_DEPLOYMENT_TARGET = 14.0;
				MTL_ENABLE_DEBUG_INFO = INCLUDE_SOURCE;
				MTL_FAST_MATH = YES;
				ONLY_ACTIVE_ARCH = YES;
				SDKROOT = iphoneos;
				SWIFT_ACTIVE_COMPILATION_CONDITIONS = DEBUG;
				SWIFT_OPTIMIZATION_LEVEL = "-Onone";
			};
			name = Debug;
		};
		50163AE124A34B1D006C9708 /* Release */ = {
			isa = XCBuildConfiguration;
			buildSettings = {
				ALWAYS_SEARCH_USER_PATHS = NO;
				CLANG_ANALYZER_NONNULL = YES;
				CLANG_ANALYZER_NUMBER_OBJECT_CONVERSION = YES_AGGRESSIVE;
				CLANG_CXX_LANGUAGE_STANDARD = "gnu++14";
				CLANG_CXX_LIBRARY = "libc++";
				CLANG_ENABLE_MODULES = YES;
				CLANG_ENABLE_OBJC_ARC = YES;
				CLANG_ENABLE_OBJC_WEAK = YES;
				CLANG_WARN_BLOCK_CAPTURE_AUTORELEASING = YES;
				CLANG_WARN_BOOL_CONVERSION = YES;
				CLANG_WARN_COMMA = YES;
				CLANG_WARN_CONSTANT_CONVERSION = YES;
				CLANG_WARN_DEPRECATED_OBJC_IMPLEMENTATIONS = YES;
				CLANG_WARN_DIRECT_OBJC_ISA_USAGE = YES_ERROR;
				CLANG_WARN_DOCUMENTATION_COMMENTS = YES;
				CLANG_WARN_EMPTY_BODY = YES;
				CLANG_WARN_ENUM_CONVERSION = YES;
				CLANG_WARN_INFINITE_RECURSION = YES;
				CLANG_WARN_INT_CONVERSION = YES;
				CLANG_WARN_NON_LITERAL_NULL_CONVERSION = YES;
				CLANG_WARN_OBJC_IMPLICIT_RETAIN_SELF = YES;
				CLANG_WARN_OBJC_LITERAL_CONVERSION = YES;
				CLANG_WARN_OBJC_ROOT_CLASS = YES_ERROR;
				CLANG_WARN_QUOTED_INCLUDE_IN_FRAMEWORK_HEADER = YES;
				CLANG_WARN_RANGE_LOOP_ANALYSIS = YES;
				CLANG_WARN_STRICT_PROTOTYPES = YES;
				CLANG_WARN_SUSPICIOUS_MOVE = YES;
				CLANG_WARN_UNGUARDED_AVAILABILITY = YES_AGGRESSIVE;
				CLANG_WARN_UNREACHABLE_CODE = YES;
				CLANG_WARN__DUPLICATE_METHOD_MATCH = YES;
				COPY_PHASE_STRIP = NO;
				DEBUG_INFORMATION_FORMAT = "dwarf-with-dsym";
				ENABLE_NS_ASSERTIONS = NO;
				ENABLE_STRICT_OBJC_MSGSEND = YES;
				GCC_C_LANGUAGE_STANDARD = gnu11;
				GCC_NO_COMMON_BLOCKS = YES;
				GCC_WARN_64_TO_32_BIT_CONVERSION = YES;
				GCC_WARN_ABOUT_RETURN_TYPE = YES_ERROR;
				GCC_WARN_UNDECLARED_SELECTOR = YES;
				GCC_WARN_UNINITIALIZED_AUTOS = YES_AGGRESSIVE;
				GCC_WARN_UNUSED_FUNCTION = YES;
				GCC_WARN_UNUSED_VARIABLE = YES;
				IPHONEOS_DEPLOYMENT_TARGET = 14.0;
				MTL_ENABLE_DEBUG_INFO = NO;
				MTL_FAST_MATH = YES;
				SDKROOT = iphoneos;
				SWIFT_COMPILATION_MODE = wholemodule;
				SWIFT_OPTIMIZATION_LEVEL = "-O";
				VALIDATE_PRODUCT = YES;
			};
			name = Release;
		};
		50163AE324A34B1D006C9708 /* Debug */ = {
			isa = XCBuildConfiguration;
			buildSettings = {
				ASSETCATALOG_COMPILER_APPICON_NAME = AppIcon;
				ASSETCATALOG_COMPILER_GLOBAL_ACCENT_COLOR_NAME = AccentColor;
				CODE_SIGN_STYLE = Automatic;
				DEVELOPMENT_TEAM = KCUGBDU8HN;
				INFOPLIST_FILE = VisionPose/Info.plist;
				LD_RUNPATH_SEARCH_PATHS = (
					"$(inherited)",
					"@executable_path/Frameworks",
				);
				PRODUCT_BUNDLE_IDENTIFIER = io.al03.VisionPose;
				PRODUCT_NAME = "$(TARGET_NAME)";
				SWIFT_VERSION = 5.0;
				TARGETED_DEVICE_FAMILY = "1,2";
			};
			name = Debug;
		};
		50163AE424A34B1D006C9708 /* Release */ = {
			isa = XCBuildConfiguration;
			buildSettings = {
				ASSETCATALOG_COMPILER_APPICON_NAME = AppIcon;
				ASSETCATALOG_COMPILER_GLOBAL_ACCENT_COLOR_NAME = AccentColor;
				CODE_SIGN_STYLE = Automatic;
				DEVELOPMENT_TEAM = KCUGBDU8HN;
				INFOPLIST_FILE = VisionPose/Info.plist;
				LD_RUNPATH_SEARCH_PATHS = (
					"$(inherited)",
					"@executable_path/Frameworks",
				);
				PRODUCT_BUNDLE_IDENTIFIER = io.al03.VisionPose;
				PRODUCT_NAME = "$(TARGET_NAME)";
				SWIFT_VERSION = 5.0;
				TARGETED_DEVICE_FAMILY = "1,2";
			};
			name = Release;
		};
		50163AE624A34B1D006C9708 /* Debug */ = {
			isa = XCBuildConfiguration;
			buildSettings = {
				ALWAYS_EMBED_SWIFT_STANDARD_LIBRARIES = YES;
				BUNDLE_LOADER = "$(TEST_HOST)";
				CODE_SIGN_STYLE = Automatic;
				DEVELOPMENT_TEAM = KCUGBDU8HN;
				INFOPLIST_FILE = VisionPoseTests/Info.plist;
				IPHONEOS_DEPLOYMENT_TARGET = 14.0;
				LD_RUNPATH_SEARCH_PATHS = (
					"$(inherited)",
					"@executable_path/Frameworks",
					"@loader_path/Frameworks",
				);
				PRODUCT_BUNDLE_IDENTIFIER = io.al03.VisionPoseTests;
				PRODUCT_NAME = "$(TARGET_NAME)";
				SWIFT_VERSION = 5.0;
				TARGETED_DEVICE_FAMILY = "1,2";
				TEST_HOST = "$(BUILT_PRODUCTS_DIR)/VisionPose.app/VisionPose";
			};
			name = Debug;
		};
		50163AE724A34B1D006C9708 /* Release */ = {
			isa = XCBuildConfiguration;
			buildSettings = {
				ALWAYS_EMBED_SWIFT_STANDARD_LIBRARIES = YES;
				BUNDLE_LOADER = "$(TEST_HOST)";
				CODE_SIGN_STYLE = Automatic;
				DEVELOPMENT_TEAM = KCUGBDU8HN;
				INFOPLIST_FILE = VisionPoseTests/Info.plist;
				IPHONEOS_DEPLOYMENT_TARGET = 14.0;
				LD_RUNPATH_SEARCH_PATHS = (
					"$(inherited)",
					"@executable_path/Frameworks",
					"@loader_path/Frameworks",
				);
				PRODUCT_BUNDLE_IDENTIFIER = io.al03.VisionPoseTests;
				PRODUCT_NAME = "$(TARGET_NAME)";
				SWIFT_VERSION = 5.0;
				TARGETED_DEVICE_FAMILY = "1,2";
				TEST_HOST = "$(BUILT_PRODUCTS_DIR)/VisionPose.app/VisionPose";
			};
			name = Release;
		};
		50163AE924A34B1D006C9708 /* Debug */ = {
			isa = XCBuildConfiguration;
			buildSettings = {
				ALWAYS_EMBED_SWIFT_STANDARD_LIBRARIES = YES;
				CODE_SIGN_STYLE = Automatic;
				DEVELOPMENT_TEAM = KCUGBDU8HN;
				INFOPLIST_FILE = VisionPoseUITests/Info.plist;
				LD_RUNPATH_SEARCH_PATHS = (
					"$(inherited)",
					"@executable_path/Frameworks",
					"@loader_path/Frameworks",
				);
				PRODUCT_BUNDLE_IDENTIFIER = io.al03.VisionPoseUITests;
				PRODUCT_NAME = "$(TARGET_NAME)";
				SWIFT_VERSION = 5.0;
				TARGETED_DEVICE_FAMILY = "1,2";
				TEST_TARGET_NAME = VisionPose;
			};
			name = Debug;
		};
		50163AEA24A34B1D006C9708 /* Release */ = {
			isa = XCBuildConfiguration;
			buildSettings = {
				ALWAYS_EMBED_SWIFT_STANDARD_LIBRARIES = YES;
				CODE_SIGN_STYLE = Automatic;
				DEVELOPMENT_TEAM = KCUGBDU8HN;
				INFOPLIST_FILE = VisionPoseUITests/Info.plist;
				LD_RUNPATH_SEARCH_PATHS = (
					"$(inherited)",
					"@executable_path/Frameworks",
					"@loader_path/Frameworks",
				);
				PRODUCT_BUNDLE_IDENTIFIER = io.al03.VisionPoseUITests;
				PRODUCT_NAME = "$(TARGET_NAME)";
				SWIFT_VERSION = 5.0;
				TARGETED_DEVICE_FAMILY = "1,2";
				TEST_TARGET_NAME = VisionPose;
			};
			name = Release;
		};
/* End XCBuildConfiguration section */

/* Begin XCConfigurationList section */
		50163AB324A34B1C006C9708 /* Build configuration list for PBXProject "VisionPose" */ = {
			isa = XCConfigurationList;
			buildConfigurations = (
				50163AE024A34B1D006C9708 /* Debug */,
				50163AE124A34B1D006C9708 /* Release */,
			);
			defaultConfigurationIsVisible = 0;
			defaultConfigurationName = Release;
		};
		50163AE224A34B1D006C9708 /* Build configuration list for PBXNativeTarget "VisionPose" */ = {
			isa = XCConfigurationList;
			buildConfigurations = (
				50163AE324A34B1D006C9708 /* Debug */,
				50163AE424A34B1D006C9708 /* Release */,
			);
			defaultConfigurationIsVisible = 0;
			defaultConfigurationName = Release;
		};
		50163AE524A34B1D006C9708 /* Build configuration list for PBXNativeTarget "VisionPoseTests" */ = {
			isa = XCConfigurationList;
			buildConfigurations = (
				50163AE624A34B1D006C9708 /* Debug */,
				50163AE724A34B1D006C9708 /* Release */,
			);
			defaultConfigurationIsVisible = 0;
			defaultConfigurationName = Release;
		};
		50163AE824A34B1D006C9708 /* Build configuration list for PBXNativeTarget "VisionPoseUITests" */ = {
			isa = XCConfigurationList;
			buildConfigurations = (
				50163AE924A34B1D006C9708 /* Debug */,
				50163AEA24A34B1D006C9708 /* Release */,
			);
			defaultConfigurationIsVisible = 0;
			defaultConfigurationName = Release;
		};
/* End XCConfigurationList section */
	};
	rootObject = 50163AB024A34B1C006C9708 /* Project object */;
}
